
Microsoft Visual Studio Solution File, Format Version 12.00
# Visual Studio 2017
VisualStudioVersion = 15.0.26430.12
MinimumVisualStudioVersion = 15.0.26430.12
Project("{FAE04EC0-301F-11D3-BF4B-00C04F79EFBC}") = "NServiceBus.Unity", "NServiceBus.Unity\NServiceBus.Unity.csproj", "{343B2E7A-E228-4B31-ABB5-F5437B2E7A4C}"
EndProject
Project("{FAE04EC0-301F-11D3-BF4B-00C04F79EFBC}") = "NServiceBus.Unity.AcceptanceTests", "NServiceBus.Unity.AcceptanceTests\NServiceBus.Unity.AcceptanceTests.csproj", "{FB342C36-9924-4E24-A484-CEE0C770BDBF}"
EndProject
Project("{FAE04EC0-301F-11D3-BF4B-00C04F79EFBC}") = "NServiceBus.Unity.Tests", "NServiceBus.Unity.Tests\NServiceBus.Unity.Tests.csproj", "{8D9A9D71-9BD7-4A3B-9714-8425E059A3B5}"
EndProject
Global
	GlobalSection(SolutionConfigurationPlatforms) = preSolution
		Debug|Any CPU = Debug|Any CPU
		Release|Any CPU = Release|Any CPU
	EndGlobalSection
	GlobalSection(ProjectConfigurationPlatforms) = postSolution
		{343B2E7A-E228-4B31-ABB5-F5437B2E7A4C}.Debug|Any CPU.ActiveCfg = Debug|Any CPU
		{343B2E7A-E228-4B31-ABB5-F5437B2E7A4C}.Debug|Any CPU.Build.0 = Debug|Any CPU
		{343B2E7A-E228-4B31-ABB5-F5437B2E7A4C}.Release|Any CPU.ActiveCfg = Release|Any CPU
		{343B2E7A-E228-4B31-ABB5-F5437B2E7A4C}.Release|Any CPU.Build.0 = Release|Any CPU
		{FB342C36-9924-4E24-A484-CEE0C770BDBF}.Debug|Any CPU.ActiveCfg = Debug|Any CPU
		{FB342C36-9924-4E24-A484-CEE0C770BDBF}.Debug|Any CPU.Build.0 = Debug|Any CPU
		{FB342C36-9924-4E24-A484-CEE0C770BDBF}.Release|Any CPU.ActiveCfg = Release|Any CPU
		{FB342C36-9924-4E24-A484-CEE0C770BDBF}.Release|Any CPU.Build.0 = Release|Any CPU
		{8D9A9D71-9BD7-4A3B-9714-8425E059A3B5}.Debug|Any CPU.ActiveCfg = Debug|Any CPU
		{8D9A9D71-9BD7-4A3B-9714-8425E059A3B5}.Debug|Any CPU.Build.0 = Debug|Any CPU
		{8D9A9D71-9BD7-4A3B-9714-8425E059A3B5}.Release|Any CPU.ActiveCfg = Release|Any CPU
		{8D9A9D71-9BD7-4A3B-9714-8425E059A3B5}.Release|Any CPU.Build.0 = Release|Any CPU
	EndGlobalSection
	GlobalSection(SolutionProperties) = preSolution
		HideSolutionNode = FALSE
	EndGlobalSection
EndGlobal
